
Microsoft Visual Studio Solution File, Format Version 12.00
# Visual Studio 14
VisualStudioVersion = 14.0.24720.0
MinimumVisualStudioVersion = 10.0.40219.1
Project("{8BC9CEB8-8B4A-11D0-8D11-00A0C91BC942}") = "wil_security", "wil_security.vcxproj", "{0A347A4C-1AF9-4C50-B2D7-C098675F71E5}"
EndProject
Global
	GlobalSection(SolutionConfigurationPlatforms) = preSolution
		Debug|x64 = Debug|x64
		Debug|x86 = Debug|x86
		Release|x64 = Release|x64
		Release|x86 = Release|x86
	EndGlobalSection
	GlobalSection(ProjectConfigurationPlatforms) = postSolution
		{0A347A4C-1AF9-4C50-B2D7-C098675F71E5}.Debug|x64.ActiveCfg = Debug|x64
		{0A347A4C-1AF9-4C50-B2D7-C098675F71E5}.Debug|x64.Build.0 = Debug|x64
		{0A347A4C-1AF9-4C50-B2D7-C098675F71E5}.Debug|x86.ActiveCfg = Debug|Win32
		{0A347A4C-1AF9-4C50-B2D7-C098675F71E5}.Debug|x86.Build.0 = Debug|Win32
		{0A347A4C-1AF9-4C50-B2D7-C098675F71E5}.Release|x64.ActiveCfg = Release|x64
		{0A347A4C-1AF9-4C50-B2D7-C098675F71E5}.Release|x64.Build.0 = Release|x64
		{0A347A4C-1AF9-4C50-B2D7-C098675F71E5}.Release|x86.ActiveCfg = Release|Win32
		{0A347A4C-1AF9-4C50-B2D7-C098675F71E5}.Release|x86.Build.0 = Release|Win32
	EndGlobalSection
	GlobalSection(SolutionProperties) = preSolution
		HideSolutionNode = FALSE
	EndGlobalSection
	GlobalSection(TeamFoundationVersionControl) = preSolution
		SccNumberOfProjects = 2
		SccEnterpriseProvider = {4CA58AB2-18FA-4F8D-95D4-32DDF27D184C}
		SccTeamFoundationServer = https://dumbnose.visualstudio.com/defaultcollection
		SccLocalPath0 = .
		SccProjectUniqueName1 = wil_security.vcxproj
		SccLocalPath1 = .
	EndGlobalSection
EndGlobal
